Microsoft Visual Studio Solution File, Format Version 11.00
# Visual Studio 2008

Project("{729F6C95-57C1-8AD3-4F73-AA547E1BA8C6}") = "SummerProject", "Assembly-CSharp.csproj", "{F7AF11A5-364E-E476-D12B-06025E445305}"
EndProject
Global
	GlobalSection(SolutionConfigurationPlatforms) = preSolution
		Debug|Any CPU = Debug|Any CPU
		Release|Any CPU = Release|Any CPU
	EndGlobalSection
	GlobalSection(ProjectConfigurationPlatforms) = postSolution
		{F7AF11A5-364E-E476-D12B-06025E445305}.Debug|Any CPU.ActiveCfg = Debug|Any CPU
		{F7AF11A5-364E-E476-D12B-06025E445305}.Debug|Any CPU.Build.0 = Debug|Any CPU
		{F7AF11A5-364E-E476-D12B-06025E445305}.Release|Any CPU.ActiveCfg = Release|Any CPU
		{F7AF11A5-364E-E476-D12B-06025E445305}.Release|Any CPU.Build.0 = Release|Any CPU
	EndGlobalSection
	GlobalSection(SolutionProperties) = preSolution
		HideSolutionNode = FALSE
	EndGlobalSection
	GlobalSection(MonoDevelopProperties) = preSolution
		StartupItem = Assembly-CSharp.csproj
	EndGlobalSection
EndGlobal
